{
  "name": "@bugfixes/i18n-utils",
  "version": "0.0.1",
  "lockfileVersion": 2,
  "requires": true,
  "packages": {
    "": {
      "name": "@bugfixes/i18n-utils",
      "version": "0.0.1",
      "dependencies": {
        "@bugfixes/i18n-formats": "^0.0.1"
      },
      "engines": {
        "node": ">=16.0.0",
        "npm": ">=7.0.0"
      },
      "peerDependencies": {
        "@babel/runtime": "^7.15.3",
        "core-js": "^3.16.1"
      }
    },
    "node_modules/@babel/runtime": {
      "version": "7.15.3",
      "resolved": "https://registry.npmjs.org/@babel/runtime/-/runtime-7.15.3.tgz",
      "integrity": "sha512-OvwMLqNXkCXSz1kSm58sEsNuhqOx/fKpnUnKnFB5v8uDda5bLNEHNgKPvhDN6IU0LDcnHQ90LlJ0Q6jnyBSIBA==",
      "peer": true,
      "dependencies": {
        "regenerator-runtime": "^0.13.4"
      },
      "engines": {
        "node": ">=6.9.0"
      }
    },
    "node_modules/@bugfixes/i18n-formats": {
      "version": "0.0.1",
      "resolved": "https://npm.pkg.github.com/download/@bugfixes/i18n-formats/0.0.1/31823f52cb62c21825c2c7eaa2383824f754f4efe5f9b3aba967ffe182296a45",
      "integrity": "sha512-Dkg7pnPD1HMWg8EvisH6quefrNbdkSohiKZ3J1XOtk2qNTS+JmsStCpy7wNrQck21sZ+ba89VNp7nHwddkrzeg==",
      "peerDependencies": {
        "@babel/runtime": "^7.15.3",
        "core-js": "^3.16.1"
      }
    },
    "node_modules/core-js": {
      "version": "3.16.1",
      "resolved": "https://registry.npmjs.org/core-js/-/core-js-3.16.1.tgz",
      "integrity": "sha512-AAkP8i35EbefU+JddyWi12AWE9f2N/qr/pwnDtWz4nyUIBGMJPX99ANFFRSw6FefM374lDujdtLDyhN2A/btHw==",
      "hasInstallScript": true,
      "peer": true,
      "funding": {
        "type": "opencollective",
        "url": "https://opencollective.com/core-js"
      }
    },
    "node_modules/regenerator-runtime": {
      "version": "0.13.9",
      "resolved": "https://registry.npmjs.org/regenerator-runtime/-/regenerator-runtime-0.13.9.tgz",
      "integrity": "sha512-p3VT+cOEgxFsRRA9X4lkI1E+k2/CtnKtU4gcxyaCUreilL/vqI6CdZ3wxVUx3UOUg+gnUOQQcRI7BmSI656MYA==",
      "peer": true
    }
  },
  "dependencies": {
    "@babel/runtime": {
      "version": "7.15.3",
      "resolved": "https://registry.npmjs.org/@babel/runtime/-/runtime-7.15.3.tgz",
      "integrity": "sha512-OvwMLqNXkCXSz1kSm58sEsNuhqOx/fKpnUnKnFB5v8uDda5bLNEHNgKPvhDN6IU0LDcnHQ90LlJ0Q6jnyBSIBA==",
      "peer": true,
      "requires": {
        "regenerator-runtime": "^0.13.4"
      }
    },
    "@bugfixes/i18n-formats": {
      "version": "0.0.1",
      "resolved": "https://npm.pkg.github.com/download/@bugfixes/i18n-formats/0.0.1/31823f52cb62c21825c2c7eaa2383824f754f4efe5f9b3aba967ffe182296a45",
      "integrity": "sha512-Dkg7pnPD1HMWg8EvisH6quefrNbdkSohiKZ3J1XOtk2qNTS+JmsStCpy7wNrQck21sZ+ba89VNp7nHwddkrzeg==",
      "requires": {}
    },
    "core-js": {
      "version": "3.16.1",
      "resolved": "https://registry.npmjs.org/core-js/-/core-js-3.16.1.tgz",
      "integrity": "sha512-AAkP8i35EbefU+JddyWi12AWE9f2N/qr/pwnDtWz4nyUIBGMJPX99ANFFRSw6FefM374lDujdtLDyhN2A/btHw==",
      "peer": true
    },
    "regenerator-runtime": {
      "version": "0.13.9",
      "resolved": "https://registry.npmjs.org/regenerator-runtime/-/regenerator-runtime-0.13.9.tgz",
      "integrity": "sha512-p3VT+cOEgxFsRRA9X4lkI1E+k2/CtnKtU4gcxyaCUreilL/vqI6CdZ3wxVUx3UOUg+gnUOQQcRI7BmSI656MYA==",
      "peer": true
    }
  }
}
